
Microsoft Visual Studio Solution File, Format Version 12.00
# Visual Studio Version 17
VisualStudioVersion = 17.7.34024.191
MinimumVisualStudioVersion = 10.0.40219.1
Project("{FAE04EC0-301F-11D3-BF4B-00C04F79EFBC}") = "bank", "bank\bank.csproj", "{8B7FD647-C913-47E6-8AD1-97979932E09A}"
EndProject
Global
	GlobalSection(SolutionConfigurationPlatforms) = preSolution
		Debug|Any CPU = Debug|Any CPU
		Release|Any CPU = Release|Any CPU
	EndGlobalSection
	GlobalSection(ProjectConfigurationPlatforms) = postSolution
		{8B7FD647-C913-47E6-8AD1-97979932E09A}.Debug|Any CPU.ActiveCfg = Debug|Any CPU
		{8B7FD647-C913-47E6-8AD1-97979932E09A}.Debug|Any CPU.Build.0 = Debug|Any CPU
		{8B7FD647-C913-47E6-8AD1-97979932E09A}.Release|Any CPU.ActiveCfg = Release|Any CPU
		{8B7FD647-C913-47E6-8AD1-97979932E09A}.Release|Any CPU.Build.0 = Release|Any CPU
	EndGlobalSection
	GlobalSection(SolutionProperties) = preSolution
		HideSolutionNode = FALSE
	EndGlobalSection
	GlobalSection(ExtensibilityGlobals) = postSolution
		SolutionGuid = {19E89276-D1E6-4B3A-917B-DC70E46903DF}
	EndGlobalSection
EndGlobal
